
Microsoft Visual Studio Solution File, Format Version 12.00
# Visual Studio Version 16
VisualStudioVersion = 16.0.31019.35
MinimumVisualStudioVersion = 10.0.40219.1
Project("{FAE04EC0-301F-11D3-BF4B-00C04F79EFBC}") = "NORTHWNDWebApi", "NORTHWNDWebApi\NORTHWNDWebApi.csproj", "{8E46DAAC-9BB8-428E-B196-D9D4459213EB}"
EndProject
Global
	GlobalSection(SolutionConfigurationPlatforms) = preSolution
		Debug|Any CPU = Debug|Any CPU
		Release|Any CPU = Release|Any CPU
	EndGlobalSection
	GlobalSection(ProjectConfigurationPlatforms) = postSolution
		{8E46DAAC-9BB8-428E-B196-D9D4459213EB}.Debug|Any CPU.ActiveCfg = Debug|Any CPU
		{8E46DAAC-9BB8-428E-B196-D9D4459213EB}.Debug|Any CPU.Build.0 = Debug|Any CPU
		{8E46DAAC-9BB8-428E-B196-D9D4459213EB}.Release|Any CPU.ActiveCfg = Release|Any CPU
		{8E46DAAC-9BB8-428E-B196-D9D4459213EB}.Release|Any CPU.Build.0 = Release|Any CPU
	EndGlobalSection
	GlobalSection(SolutionProperties) = preSolution
		HideSolutionNode = FALSE
	EndGlobalSection
	GlobalSection(ExtensibilityGlobals) = postSolution
		SolutionGuid = {3433B937-397F-4A1D-B6CC-8FA2F5359950}
	EndGlobalSection
EndGlobal
