
Microsoft Visual Studio Solution File, Format Version 12.00
# Visual Studio Version 16
VisualStudioVersion = 16.0.31019.35
MinimumVisualStudioVersion = 10.0.40219.1
Project("{FAE04EC0-301F-11D3-BF4B-00C04F79EFBC}") = "BankLocationWebApi", "BankLocationWebApi\BankLocationWebApi.csproj", "{37099F53-2B89-4ED1-B6A7-8E12CC0EADC7}"
EndProject
Global
	GlobalSection(SolutionConfigurationPlatforms) = preSolution
		Debug|Any CPU = Debug|Any CPU
		Release|Any CPU = Release|Any CPU
	EndGlobalSection
	GlobalSection(ProjectConfigurationPlatforms) = postSolution
		{37099F53-2B89-4ED1-B6A7-8E12CC0EADC7}.Debug|Any CPU.ActiveCfg = Debug|Any CPU
		{37099F53-2B89-4ED1-B6A7-8E12CC0EADC7}.Debug|Any CPU.Build.0 = Debug|Any CPU
		{37099F53-2B89-4ED1-B6A7-8E12CC0EADC7}.Release|Any CPU.ActiveCfg = Release|Any CPU
		{37099F53-2B89-4ED1-B6A7-8E12CC0EADC7}.Release|Any CPU.Build.0 = Release|Any CPU
	EndGlobalSection
	GlobalSection(SolutionProperties) = preSolution
		HideSolutionNode = FALSE
	EndGlobalSection
	GlobalSection(ExtensibilityGlobals) = postSolution
		SolutionGuid = {BCCF3A86-B4F3-4A96-8873-EA5012C6BDEB}
	EndGlobalSection
EndGlobal
